{
    "name": "solid-swiper",
    "version": "1.0.0",
    "lockfileVersion": 2,
    "requires": true,
    "packages": {
        "": {
            "version": "1.0.0",
            "license": "ISC",
            "dependencies": {
                "solid-js": "^1.6.6"
            },
            "devDependencies": {
                "typescript": "^4.9.5"
            },
            "peerDependencies": {
                "solid-js": ">=1.0.0"
            }
        },
        "node_modules/csstype": {
            "version": "3.1.1",
            "resolved": "https://registry.npmjs.org/csstype/-/csstype-3.1.1.tgz",
            "integrity": "sha512-DJR/VvkAvSZW9bTouZue2sSxDwdTN92uHjqeKVm+0dAqdfNykRzQ95tay8aXMBAAPpUiq4Qcug2L7neoRh2Egw==",
            "peer": true
        },
        "node_modules/solid-js": {
            "version": "1.6.14",
            "resolved": "https://registry.npmjs.org/solid-js/-/solid-js-1.6.14.tgz",
            "integrity": "sha512-9SSpGWZqzq8n/JhIt2PsYzLreG4PySmAexLnRM386oMeG5oSWa9QIRoiok45rLNJg148USEfI9wlkJkMrA2qGg==",
            "peer": true,
            "dependencies": {
                "csstype": "^3.1.0"
            }
        },
        "node_modules/typescript": {
            "version": "4.9.5",
            "resolved": "https://registry.npmjs.org/typescript/-/typescript-4.9.5.tgz",
            "integrity": "sha512-1FXk9E2Hm+QzZQ7z+McJiHL4NW1F2EzMu9Nq9i3zAaGqibafqYwCVU6WyWAuyQRRzOlxou8xZSyXLEN8oKj24g==",
            "dev": true,
            "bin": {
                "tsc": "bin/tsc",
                "tsserver": "bin/tsserver"
            },
            "engines": {
                "node": ">=4.2.0"
            }
        }
    },
    "dependencies": {
        "csstype": {
            "version": "3.1.1",
            "resolved": "https://registry.npmjs.org/csstype/-/csstype-3.1.1.tgz",
            "integrity": "sha512-DJR/VvkAvSZW9bTouZue2sSxDwdTN92uHjqeKVm+0dAqdfNykRzQ95tay8aXMBAAPpUiq4Qcug2L7neoRh2Egw==",
            "peer": true
        },
        "solid-js": {
            "version": "1.6.14",
            "resolved": "https://registry.npmjs.org/solid-js/-/solid-js-1.6.14.tgz",
            "integrity": "sha512-9SSpGWZqzq8n/JhIt2PsYzLreG4PySmAexLnRM386oMeG5oSWa9QIRoiok45rLNJg148USEfI9wlkJkMrA2qGg==",
            "peer": true,
            "requires": {
                "csstype": "^3.1.0"
            }
        },
        "typescript": {
            "version": "4.9.5",
            "resolved": "https://registry.npmjs.org/typescript/-/typescript-4.9.5.tgz",
            "integrity": "sha512-1FXk9E2Hm+QzZQ7z+McJiHL4NW1F2EzMu9Nq9i3zAaGqibafqYwCVU6WyWAuyQRRzOlxou8xZSyXLEN8oKj24g==",
            "dev": true
        }
    }
}
